// !$*UTF8*$!
{
	archiveVersion = 1;
	classes = {
	};
	objectVersion = 46;
	objects = {

/* Begin PBXBuildFile section */
		AB3C959005A1681E67ED39E4 /* Pods_VisionTextDetection.framework in Frameworks */ = {isa = PBXBuildFile; fileRef = 749E3EF4CE7D04462A4E9392 /* Pods_VisionTextDetection.framework */; };
		CA02E9BF1F1F94C000A30462 /* ItemsTableViewController.swift in Sources */ = {isa = PBXBuildFile; fileRef = CA02E9BE1F1F94C000A30462 /* ItemsTableViewController.swift */; };
		CA3B31CF1F178844005AAB8B /* AppDelegate.swift in Sources */ = {isa = PBXBuildFile; fileRef = CA3B31CE1F178844005AAB8B /* AppDelegate.swift */; };
		CA3B31D11F178844005AAB8B /* ImagePickerViewController.swift in Sources */ = {isa = PBXBuildFile; fileRef = CA3B31D01F178844005AAB8B /* ImagePickerViewController.swift */; };
		CA3B31D41F178844005AAB8B /* Main.storyboard in Resources */ = {isa = PBXBuildFile; fileRef = CA3B31D21F178844005AAB8B /* Main.storyboard */; };
		CA3B31D61F178844005AAB8B /* Assets.xcassets in Resources */ = {isa = PBXBuildFile; fileRef = CA3B31D51F178844005AAB8B /* Assets.xcassets */; };
		CA3B31D91F178844005AAB8B /* LaunchScreen.storyboard in Resources */ = {isa = PBXBuildFile; fileRef = CA3B31D71F178844005AAB8B /* LaunchScreen.storyboard */; };
		CA98A2FC1F20C88A00437280 /* rescanDelegate.swift in Sources */ = {isa = PBXBuildFile; fileRef = CA98A2FB1F20C88A00437280 /* rescanDelegate.swift */; };
		CABCFABE1F1CE80300F79389 /* ScanViewController.swift in Sources */ = {isa = PBXBuildFile; fileRef = CABCFABD1F1CE80300F79389 /* ScanViewController.swift */; };
/* End PBXBuildFile section */

/* Begin PBXFileReference section */
		0A120133EF11E12B9692031F /* Pods-VisionTextDetection.release.xcconfig */ = {isa = PBXFileReference; includeInIndex = 1; lastKnownFileType = text.xcconfig; name = "Pods-VisionTextDetection.release.xcconfig"; path = "Pods/Target Support Files/Pods-VisionTextDetection/Pods-VisionTextDetection.release.xcconfig"; sourceTree = "<group>"; };
		2790301FC92D27045A7F59EF /* Pods-VisionTextDetection.debug.xcconfig */ = {isa = PBXFileReference; includeInIndex = 1; lastKnownFileType = text.xcconfig; name = "Pods-VisionTextDetection.debug.xcconfig"; path = "Pods/Target Support Files/Pods-VisionTextDetection/Pods-VisionTextDetection.debug.xcconfig"; sourceTree = "<group>"; };
		749E3EF4CE7D04462A4E9392 /* Pods_VisionTextDetection.framework */ = {isa = PBXFileReference; explicitFileType = wrapper.framework; includeInIndex = 0; path = Pods_VisionTextDetection.framework; sourceTree = BUILT_PRODUCTS_DIR; };
		CA02E9BE1F1F94C000A30462 /* ItemsTableViewController.swift */ = {isa = PBXFileReference; fileEncoding = 4; lastKnownFileType = sourcecode.swift; path = ItemsTableViewController.swift; sourceTree = "<group>"; };
		CA3B31CB1F178844005AAB8B /* VisionTextDetection.app */ = {isa = PBXFileReference; explicitFileType = wrapper.application; includeInIndex = 0; path = VisionTextDetection.app; sourceTree = BUILT_PRODUCTS_DIR; };
		CA3B31CE1F178844005AAB8B /* AppDelegate.swift */ = {isa = PBXFileReference; lastKnownFileType = sourcecode.swift; path = AppDelegate.swift; sourceTree = "<group>"; };
		CA3B31D01F178844005AAB8B /* ImagePickerViewController.swift */ = {isa = PBXFileReference; lastKnownFileType = sourcecode.swift; path = ImagePickerViewController.swift; sourceTree = "<group>"; };
		CA3B31D31F178844005AAB8B /* Base */ = {isa = PBXFileReference; lastKnownFileType = file.storyboard; name = Base; path = Base.lproj/Main.storyboard; sourceTree = "<group>"; };
		CA3B31D51F178844005AAB8B /* Assets.xcassets */ = {isa = PBXFileReference; lastKnownFileType = folder.assetcatalog; path = Assets.xcassets; sourceTree = "<group>"; };
		CA3B31D81F178844005AAB8B /* Base */ = {isa = PBXFileReference; lastKnownFileType = file.storyboard; name = Base; path = Base.lproj/LaunchScreen.storyboard; sourceTree = "<group>"; };
		CA3B31DA1F178844005AAB8B /* Info.plist */ = {isa = PBXFileReference; lastKnownFileType = text.plist.xml; path = Info.plist; sourceTree = "<group>"; };
		CA98A2FB1F20C88A00437280 /* rescanDelegate.swift */ = {isa = PBXFileReference; fileEncoding = 4; lastKnownFileType = sourcecode.swift; path = rescanDelegate.swift; sourceTree = "<group>"; };
		CABCFABD1F1CE80300F79389 /* ScanViewController.swift */ = {isa = PBXFileReference; fileEncoding = 4; lastKnownFileType = sourcecode.swift; path = ScanViewController.swift; sourceTree = "<group>"; };
/* End PBXFileReference section */

/* Begin PBXFrameworksBuildPhase section */
		CA3B31C81F178844005AAB8B /* Frameworks */ = {
			isa = PBXFrameworksBuildPhase;
			buildActionMask = 2147483647;
			files = (
				AB3C959005A1681E67ED39E4 /* Pods_VisionTextDetection.framework in Frameworks */,
			);
			runOnlyForDeploymentPostprocessing = 0;
		};
/* End PBXFrameworksBuildPhase section */

/* Begin PBXGroup section */
		0E2E2C71CE001B02DBA97C73 /* Frameworks */ = {
			isa = PBXGroup;
			children = (
				749E3EF4CE7D04462A4E9392 /* Pods_VisionTextDetection.framework */,
			);
			name = Frameworks;
			sourceTree = "<group>";
		};
		961EEEF7E6BE406238B0B461 /* Pods */ = {
			isa = PBXGroup;
			children = (
				2790301FC92D27045A7F59EF /* Pods-VisionTextDetection.debug.xcconfig */,
				0A120133EF11E12B9692031F /* Pods-VisionTextDetection.release.xcconfig */,
			);
			name = Pods;
			sourceTree = "<group>";
		};
		CA3B31C21F178844005AAB8B = {
			isa = PBXGroup;
			children = (
				CA3B31CD1F178844005AAB8B /* VisionTextDetection */,
				CA3B31CC1F178844005AAB8B /* Products */,
				961EEEF7E6BE406238B0B461 /* Pods */,
				0E2E2C71CE001B02DBA97C73 /* Frameworks */,
			);
			sourceTree = "<group>";
		};
		CA3B31CC1F178844005AAB8B /* Products */ = {
			isa = PBXGroup;
			children = (
				CA3B31CB1F178844005AAB8B /* VisionTextDetection.app */,
			);
			name = Products;
			sourceTree = "<group>";
		};
		CA3B31CD1F178844005AAB8B /* VisionTextDetection */ = {
			isa = PBXGroup;
			children = (
				CA3B31CE1F178844005AAB8B /* AppDelegate.swift */,
				CA3B31D01F178844005AAB8B /* ImagePickerViewController.swift */,
				CA3B31D21F178844005AAB8B /* Main.storyboard */,
				CA02E9BE1F1F94C000A30462 /* ItemsTableViewController.swift */,
				CABCFABD1F1CE80300F79389 /* ScanViewController.swift */,
				CA3B31D51F178844005AAB8B /* Assets.xcassets */,
				CA3B31D71F178844005AAB8B /* LaunchScreen.storyboard */,
				CA3B31DA1F178844005AAB8B /* Info.plist */,
				CA98A2FB1F20C88A00437280 /* rescanDelegate.swift */,
			);
			path = VisionTextDetection;
			sourceTree = "<group>";
		};
/* End PBXGroup section */

/* Begin PBXNativeTarget section */
		CA3B31CA1F178844005AAB8B /* VisionTextDetection */ = {
			isa = PBXNativeTarget;
			buildConfigurationList = CA3B31DD1F178844005AAB8B /* Build configuration list for PBXNativeTarget "VisionTextDetection" */;
			buildPhases = (
				D127C85A521DBC14944735CC /* [CP] Check Pods Manifest.lock */,
				CA3B31C71F178844005AAB8B /* Sources */,
				CA3B31C81F178844005AAB8B /* Frameworks */,
				CA3B31C91F178844005AAB8B /* Resources */,
				21C07A790B8F5C6EBF019BFD /* [CP] Embed Pods Frameworks */,
				8706DCA39A80D32A5A8AA848 /* [CP] Copy Pods Resources */,
			);
			buildRules = (
			);
			dependencies = (
			);
			name = VisionTextDetection;
			productName = VisionTextDetection;
			productReference = CA3B31CB1F178844005AAB8B /* VisionTextDetection.app */;
			productType = "com.apple.product-type.application";
		};
/* End PBXNativeTarget section */

/* Begin PBXProject section */
		CA3B31C31F178844005AAB8B /* Project object */ = {
			isa = PBXProject;
			attributes = {
				LastSwiftUpdateCheck = 0830;
				LastUpgradeCheck = 0830;
				ORGANIZATIONNAME = "Brandon Taleisnik";
				TargetAttributes = {
					CA3B31CA1F178844005AAB8B = {
						CreatedOnToolsVersion = 8.3.2;
						DevelopmentTeam = NK7YH2B8XK;
						ProvisioningStyle = Automatic;
					};
				};
			};
			buildConfigurationList = CA3B31C61F178844005AAB8B /* Build configuration list for PBXProject "VisionTextDetection" */;
			compatibilityVersion = "Xcode 3.2";
			developmentRegion = English;
			hasScannedForEncodings = 0;
			knownRegions = (
				en,
				Base,
			);
			mainGroup = CA3B31C21F178844005AAB8B;
			productRefGroup = CA3B31CC1F178844005AAB8B /* Products */;
			projectDirPath = "";
			projectRoot = "";
			targets = (
				CA3B31CA1F178844005AAB8B /* VisionTextDetection */,
			);
		};
/* End PBXProject section */

/* Begin PBXResourcesBuildPhase section */
		CA3B31C91F178844005AAB8B /* Resources */ = {
			isa = PBXResourcesBuildPhase;
			buildActionMask = 2147483647;
			files = (
				CA3B31D91F178844005AAB8B /* LaunchScreen.storyboard in Resources */,
				CA3B31D61F178844005AAB8B /* Assets.xcassets in Resources */,
				CA3B31D41F178844005AAB8B /* Main.storyboard in Resources */,
			);
			runOnlyForDeploymentPostprocessing = 0;
		};
/* End PBXResourcesBuildPhase section */

/* Begin PBXShellScriptBuildPhase section */
		21C07A790B8F5C6EBF019BFD /* [CP] Embed Pods Frameworks */ = {
			isa = PBXShellScriptBuildPhase;
			buildActionMask = 2147483647;
			files = (
			);
			inputPaths = (
			);
			name = "[CP] Embed Pods Frameworks";
			outputPaths = (
			);
			runOnlyForDeploymentPostprocessing = 0;
			shellPath = /bin/sh;
			shellScript = "\"${SRCROOT}/Pods/Target Support Files/Pods-VisionTextDetection/Pods-VisionTextDetection-frameworks.sh\"\n";
			showEnvVarsInLog = 0;
		};
		8706DCA39A80D32A5A8AA848 /* [CP] Copy Pods Resources */ = {
			isa = PBXShellScriptBuildPhase;
			buildActionMask = 2147483647;
			files = (
			);
			inputPaths = (
			);
			name = "[CP] Copy Pods Resources";
			outputPaths = (
			);
			runOnlyForDeploymentPostprocessing = 0;
			shellPath = /bin/sh;
			shellScript = "\"${SRCROOT}/Pods/Target Support Files/Pods-VisionTextDetection/Pods-VisionTextDetection-resources.sh\"\n";
			showEnvVarsInLog = 0;
		};
		D127C85A521DBC14944735CC /* [CP] Check Pods Manifest.lock */ = {
			isa = PBXShellScriptBuildPhase;
			buildActionMask = 2147483647;
			files = (
			);
			inputPaths = (
			);
			name = "[CP] Check Pods Manifest.lock";
			outputPaths = (
			);
			runOnlyForDeploymentPostprocessing = 0;
			shellPath = /bin/sh;
			shellScript = "diff \"${PODS_PODFILE_DIR_PATH}/Podfile.lock\" \"${PODS_ROOT}/Manifest.lock\" > /dev/null\nif [ $? != 0 ] ; then\n    # print error to STDERR\n    echo \"error: The sandbox is not in sync with the Podfile.lock. Run 'pod install' or update your CocoaPods installation.\" >&2\n    exit 1\nfi\n";
			showEnvVarsInLog = 0;
		};
/* End PBXShellScriptBuildPhase section */

/* Begin PBXSourcesBuildPhase section */
		CA3B31C71F178844005AAB8B /* Sources */ = {
			isa = PBXSourcesBuildPhase;
			buildActionMask = 2147483647;
			files = (
				CA3B31D11F178844005AAB8B /* ImagePickerViewController.swift in Sources */,
				CA3B31CF1F178844005AAB8B /* AppDelegate.swift in Sources */,
				CA98A2FC1F20C88A00437280 /* rescanDelegate.swift in Sources */,
				CA02E9BF1F1F94C000A30462 /* ItemsTableViewController.swift in Sources */,
				CABCFABE1F1CE80300F79389 /* ScanViewController.swift in Sources */,
			);
			runOnlyForDeploymentPostprocessing = 0;
		};
/* End PBXSourcesBuildPhase section */

/* Begin PBXVariantGroup section */
		CA3B31D21F178844005AAB8B /* Main.storyboard */ = {
			isa = PBXVariantGroup;
			children = (
				CA3B31D31F178844005AAB8B /* Base */,
			);
			name = Main.storyboard;
			sourceTree = "<group>";
		};
		CA3B31D71F178844005AAB8B /* LaunchScreen.storyboard */ = {
			isa = PBXVariantGroup;
			children = (
				CA3B31D81F178844005AAB8B /* Base */,
			);
			name = LaunchScreen.storyboard;
			sourceTree = "<group>";
		};
/* End PBXVariantGroup section */

/* Begin XCBuildConfiguration section */
		CA3B31DB1F178844005AAB8B /* Debug */ = {
			isa = XCBuildConfiguration;
			buildSettings = {
				ALWAYS_SEARCH_USER_PATHS = NO;
				CLANG_ANALYZER_NONNULL = YES;
				CLANG_ANALYZER_NUMBER_OBJECT_CONVERSION = YES_AGGRESSIVE;
				CLANG_CXX_LANGUAGE_STANDARD = "gnu++0x";
				CLANG_CXX_LIBRARY = "libc++";
				CLANG_ENABLE_MODULES = YES;
				CLANG_ENABLE_OBJC_ARC = YES;
				CLANG_WARN_BOOL_CONVERSION = YES;
				CLANG_WARN_CONSTANT_CONVERSION = YES;
				CLANG_WARN_DIRECT_OBJC_ISA_USAGE = YES_ERROR;
				CLANG_WARN_DOCUMENTATION_COMMENTS = YES;
				CLANG_WARN_EMPTY_BODY = YES;
				CLANG_WARN_ENUM_CONVERSION = YES;
				CLANG_WARN_INFINITE_RECURSION = YES;
				CLANG_WARN_INT_CONVERSION = YES;
				CLANG_WARN_OBJC_ROOT_CLASS = YES_ERROR;
				CLANG_WARN_SUSPICIOUS_MOVE = YES;
				CLANG_WARN_UNREACHABLE_CODE = YES;
				CLANG_WARN__DUPLICATE_METHOD_MATCH = YES;
				"CODE_SIGN_IDENTITY[sdk=iphoneos*]" = "iPhone Developer";
				COPY_PHASE_STRIP = NO;
				DEBUG_INFORMATION_FORMAT = dwarf;
				ENABLE_STRICT_OBJC_MSGSEND = YES;
				ENABLE_TESTABILITY = YES;
				GCC_C_LANGUAGE_STANDARD = gnu99;
				GCC_DYNAMIC_NO_PIC = NO;
				GCC_NO_COMMON_BLOCKS = YES;
				GCC_OPTIMIZATION_LEVEL = 0;
				GCC_PREPROCESSOR_DEFINITIONS = (
					"DEBUG=1",
					"$(inherited)",
				);
				GCC_WARN_64_TO_32_BIT_CONVERSION = YES;
				GCC_WARN_ABOUT_RETURN_TYPE = YES_ERROR;
				GCC_WARN_UNDECLARED_SELECTOR = YES;
				GCC_WARN_UNINITIALIZED_AUTOS = YES_AGGRESSIVE;
				GCC_WARN_UNUSED_FUNCTION = YES;
				GCC_WARN_UNUSED_VARIABLE = YES;
				IPHONEOS_DEPLOYMENT_TARGET = 10.3;
				MTL_ENABLE_DEBUG_INFO = YES;
				ONLY_ACTIVE_ARCH = YES;
				SDKROOT = iphoneos;
				SWIFT_ACTIVE_COMPILATION_CONDITIONS = DEBUG;
				SWIFT_OPTIMIZATION_LEVEL = "-Onone";
				TARGETED_DEVICE_FAMILY = "1,2";
			};
			name = Debug;
		};
		CA3B31DC1F178844005AAB8B /* Release */ = {
			isa = XCBuildConfiguration;
			buildSettings = {
				ALWAYS_SEARCH_USER_PATHS = NO;
				CLANG_ANALYZER_NONNULL = YES;
				CLANG_ANALYZER_NUMBER_OBJECT_CONVERSION = YES_AGGRESSIVE;
				CLANG_CXX_LANGUAGE_STANDARD = "gnu++0x";
				CLANG_CXX_LIBRARY = "libc++";
				CLANG_ENABLE_MODULES = YES;
				CLANG_ENABLE_OBJC_ARC = YES;
				CLANG_WARN_BOOL_CONVERSION = YES;
				CLANG_WARN_CONSTANT_CONVERSION = YES;
				CLANG_WARN_DIRECT_OBJC_ISA_USAGE = YES_ERROR;
				CLANG_WARN_DOCUMENTATION_COMMENTS = YES;
				CLANG_WARN_EMPTY_BODY = YES;
				CLANG_WARN_ENUM_CONVERSION = YES;
				CLANG_WARN_INFINITE_RECURSION = YES;
				CLANG_WARN_INT_CONVERSION = YES;
				CLANG_WARN_OBJC_ROOT_CLASS = YES_ERROR;
				CLANG_WARN_SUSPICIOUS_MOVE = YES;
				CLANG_WARN_UNREACHABLE_CODE = YES;
				CLANG_WARN__DUPLICATE_METHOD_MATCH = YES;
				"CODE_SIGN_IDENTITY[sdk=iphoneos*]" = "iPhone Developer";
				COPY_PHASE_STRIP = NO;
				DEBUG_INFORMATION_FORMAT = "dwarf-with-dsym";
				ENABLE_NS_ASSERTIONS = NO;
				ENABLE_STRICT_OBJC_MSGSEND = YES;
				GCC_C_LANGUAGE_STANDARD = gnu99;
				GCC_NO_COMMON_BLOCKS = YES;
				GCC_WARN_64_TO_32_BIT_CONVERSION = YES;
				GCC_WARN_ABOUT_RETURN_TYPE = YES_ERROR;
				GCC_WARN_UNDECLARED_SELECTOR = YES;
				GCC_WARN_UNINITIALIZED_AUTOS = YES_AGGRESSIVE;
				GCC_WARN_UNUSED_FUNCTION = YES;
				GCC_WARN_UNUSED_VARIABLE = YES;
				IPHONEOS_DEPLOYMENT_TARGET = 10.3;
				MTL_ENABLE_DEBUG_INFO = NO;
				SDKROOT = iphoneos;
				SWIFT_OPTIMIZATION_LEVEL = "-Owholemodule";
				TARGETED_DEVICE_FAMILY = "1,2";
				VALIDATE_PRODUCT = YES;
			};
			name = Release;
		};
		CA3B31DE1F178844005AAB8B /* Debug */ = {
			isa = XCBuildConfiguration;
			baseConfigurationReference = 2790301FC92D27045A7F59EF /* Pods-VisionTextDetection.debug.xcconfig */;
			buildSettings = {
				ASSETCATALOG_COMPILER_APPICON_NAME = AppIcon;
				DEVELOPMENT_TEAM = NK7YH2B8XK;
				INFOPLIST_FILE = VisionTextDetection/Info.plist;
				LD_RUNPATH_SEARCH_PATHS = "$(inherited) @executable_path/Frameworks";
				PRODUCT_BUNDLE_IDENTIFIER = "Brandon-Taleisnik.VisionTextDetection";
				PRODUCT_NAME = "$(TARGET_NAME)";
				SWIFT_VERSION = 3.0;
			};
			name = Debug;
		};
		CA3B31DF1F178844005AAB8B /* Release */ = {
			isa = XCBuildConfiguration;
			baseConfigurationReference = 0A120133EF11E12B9692031F /* Pods-VisionTextDetection.release.xcconfig */;
			buildSettings = {
				ASSETCATALOG_COMPILER_APPICON_NAME = AppIcon;
				DEVELOPMENT_TEAM = NK7YH2B8XK;
				INFOPLIST_FILE = VisionTextDetection/Info.plist;
				LD_RUNPATH_SEARCH_PATHS = "$(inherited) @executable_path/Frameworks";
				PRODUCT_BUNDLE_IDENTIFIER = "Brandon-Taleisnik.VisionTextDetection";
				PRODUCT_NAME = "$(TARGET_NAME)";
				SWIFT_VERSION = 3.0;
			};
			name = Release;
		};
/* End XCBuildConfiguration section */

/* Begin XCConfigurationList section */
		CA3B31C61F178844005AAB8B /* Build configuration list for PBXProject "VisionTextDetection" */ = {
			isa = XCConfigurationList;
			buildConfigurations = (
				CA3B31DB1F178844005AAB8B /* Debug */,
				CA3B31DC1F178844005AAB8B /* Release */,
			);
			defaultConfigurationIsVisible = 0;
			defaultConfigurationName = Release;
		};
		CA3B31DD1F178844005AAB8B /* Build configuration list for PBXNativeTarget "VisionTextDetection" */ = {
			isa = XCConfigurationList;
			buildConfigurations = (
				CA3B31DE1F178844005AAB8B /* Debug */,
				CA3B31DF1F178844005AAB8B /* Release */,
			);
			defaultConfigurationIsVisible = 0;
			defaultConfigurationName = Release;
		};
/* End XCConfigurationList section */
	};
	rootObject = CA3B31C31F178844005AAB8B /* Project object */;
}
